github.com/HugoBlox/hugo-blox-builder/modules/blox-bootstrap/v5 v5.9.7 h1:QPek2BL723n+uM4DjyV97qNIoPsmt/vnKAQyaGJbgvQ=
github.com/HugoBlox/hugo-blox-builder/modules/blox-bootstrap/v5 v5.9.7/go.mod h1:xZiTEEurbEwj/NhZohozvlyLCGVCT2wARHDAJeqKG/c=
github.com/HugoBlox/hugo-blox-builder/modules/blox-bootstrap/v5 v5.9.8-0.20240813182432-8778c4b5ed89 h1:UYnbXqb2exVZk7M3eHmQQYZ6M2mVq3jYIKp7y+lNg+Y=
github.com/HugoBlox/hugo-blox-builder/modules/blox-bootstrap/v5 v5.9.8-0.20240813182432-8778c4b5ed89/go.mod h1:xZiTEEurbEwj/NhZohozvlyLCGVCT2wARHDAJeqKG/c=
github.com/HugoBlox/hugo-blox-builder/modules/blox-core v0.3.1 h1:6GsVeNtYhzl14LLJRFRV1AonKGq8ZAduep/uiK5oEF4=
github.com/HugoBlox/hugo-blox-builder/modules/blox-core v0.3.1/go.mod h1:So8+V2U+TNxlXmcpZfdDX0muLh3PdJ7z92h30sv3bZg=
github.com/HugoBlox/hugo-blox-builder/modules/blox-core v0.3.2-0.20240813182432-8778c4b5ed89 h1:bKZk0GrU5SYCD6JpgP3vusHD2nXc0Cfa+G47OnyyNMo=
github.com/HugoBlox/hugo-blox-builder/modules/blox-core v0.3.2-0.20240813182432-8778c4b5ed89/go.mod h1:So8+V2U+TNxlXmcpZfdDX0muLh3PdJ7z92h30sv3bZg=
github.com/HugoBlox/hugo-blox-builder/modules/blox-plugin-decap-cms v0.1.2-0.20231108143325-448ed0e3bd2b h1:pOYZJXK2hahVeW/FcVuBoFdvtR3DpsDDZVcbGnMNEdQ=
github.com/HugoBlox/hugo-blox-builder/modules/blox-plugin-decap-cms v0.1.2-0.20231108143325-448ed0e3bd2b/go.mod h1:Njlsj3S1Z833TdX1nacJZzsiwGGhOq4Nilzo2BH/wQ8=
github.com/HugoBlox/hugo-blox-builder/modules/blox-plugin-decap-cms v0.1.2-0.20240513194541-c2e9a799f797 h1:2Uo7nD4+ynD3Sk1YnScgQmwOTKwoHMNvBU2206DLPxk=
github.com/HugoBlox/hugo-blox-builder/modules/blox-plugin-decap-cms v0.1.2-0.20240513194541-c2e9a799f797/go.mod h1:Njlsj3S1Z833TdX1nacJZzsiwGGhOq4Nilzo2BH/wQ8=
github.com/HugoBlox/hugo-blox-builder/modules/blox-plugin-decap-cms v0.1.2-0.20240813182432-8778c4b5ed89 h1:wYbOAsVjiN2hW6gy2bGNm6BOg75YlDuWbCzf0Htxka0=
github.com/HugoBlox/hugo-blox-builder/modules/blox-plugin-decap-cms v0.1.2-0.20240813182432-8778c4b5ed89/go.mod h1:Njlsj3S1Z833TdX1nacJZzsiwGGhOq4Nilzo2BH/wQ8=
github.com/HugoBlox/hugo-blox-builder/modules/blox-plugin-netlify v1.1.2-0.20231108143325-448ed0e3bd2b h1:W8YVjA0quc4omsSJbsf80MRlB8Cd9DXnqlgYehikezM=
github.com/HugoBlox/hugo-blox-builder/modules/blox-plugin-netlify v1.1.2-0.20231108143325-448ed0e3bd2b/go.mod h1:C7jfxMLv1bEUqbM9XDSmEpfOpS8w06OgqNDEcbuRgL4=
github.com/HugoBlox/hugo-blox-builder/modules/blox-plugin-netlify v1.1.2-0.20240513194541-c2e9a799f797 h1:sqf0QCVjz9NpcrbDNwmSawjdfArJFpqMk2WW4z/XK5E=
github.com/HugoBlox/hugo-blox-builder/modules/blox-plugin-netlify v1.1.2-0.20240513194541-c2e9a799f797/go.mod h1:C7jfxMLv1bEUqbM9XDSmEpfOpS8w06OgqNDEcbuRgL4=
github.com/HugoBlox/hugo-blox-builder/modules/blox-plugin-netlify v1.1.2-0.20240813182432-8778c4b5ed89 h1:NBcqvNItQf3fOQZO2i5uWDe7k9+rX1n8dcYwQCJ31Ok=
github.com/HugoBlox/hugo-blox-builder/modules/blox-plugin-netlify v1.1.2-0.20240813182432-8778c4b5ed89/go.mod h1:C7jfxMLv1bEUqbM9XDSmEpfOpS8w06OgqNDEcbuRgL4=
github.com/HugoBlox/hugo-blox-builder/modules/blox-seo v0.2.2 h1:ccb5jQLKqiFFht24e6+yW9eie1yIm81/K1xhs7ZHZlM=
github.com/HugoBlox/hugo-blox-builder/modules/blox-seo v0.2.2/go.mod h1:NsESu6cEms1DgH84icCyylElg2Zu8A0f7Fma5JR0LZE=
github.com/HugoBlox/hugo-blox-builder/modules/blox-seo v0.2.3-0.20240813182432-8778c4b5ed89 h1:p/Ddm97+1d+RV+qveHe0QUITNyf9oWe8VAIVOeXRFpU=
github.com/HugoBlox/hugo-blox-builder/modules/blox-seo v0.2.3-0.20240813182432-8778c4b5ed89/go.mod h1:NsESu6cEms1DgH84icCyylElg2Zu8A0f7Fma5JR0LZE=
